
Microsoft Visual Studio Solution File, Format Version 12.00
# Visual Studio Version 17
VisualStudioVersion = 17.4.33103.184
MinimumVisualStudioVersion = 10.0.40219.1
Project("{9A19103F-16F7-4668-BE54-9A1E7A4F7556}") = "OptionsDemo", "OptionsDemo.csproj", "{FAB3E469-7AEC-45EA-B03F-E0A8F94D373C}"
EndProject
Global
	GlobalSection(SolutionConfigurationPlatforms) = preSolution
		Debug|Any CPU = Debug|Any CPU
		Release|Any CPU = Release|Any CPU
	EndGlobalSection
	GlobalSection(ProjectConfigurationPlatforms) = postSolution
		{FAB3E469-7AEC-45EA-B03F-E0A8F94D373C}.Debug|Any CPU.ActiveCfg = Debug|Any CPU
		{FAB3E469-7AEC-45EA-B03F-E0A8F94D373C}.Debug|Any CPU.Build.0 = Debug|Any CPU
		{FAB3E469-7AEC-45EA-B03F-E0A8F94D373C}.Release|Any CPU.ActiveCfg = Release|Any CPU
		{FAB3E469-7AEC-45EA-B03F-E0A8F94D373C}.Release|Any CPU.Build.0 = Release|Any CPU
	EndGlobalSection
	GlobalSection(SolutionProperties) = preSolution
		HideSolutionNode = FALSE
	EndGlobalSection
	GlobalSection(ExtensibilityGlobals) = postSolution
		SolutionGuid = {36C8A612-4E5D-479B-A7CB-5EEB904FAD95}
	EndGlobalSection
EndGlobal
